
Microsoft Visual Studio Solution File, Format Version 12.00
# Visual Studio Version 17
VisualStudioVersion = 17.4.33122.133
MinimumVisualStudioVersion = 10.0.40219.1
Project("{9A19103F-16F7-4668-BE54-9A1E7A4F7556}") = "ShopWeb_Server", "ShopWeb_Server\ShopWeb_Server.csproj", "{FFAC75C0-7FB0-43DB-A1CF-C5204EED32DD}"
EndProject
Project("{9A19103F-16F7-4668-BE54-9A1E7A4F7556}") = "ShopWeb_Client", "ShopWeb_Client\ShopWeb_Client.csproj", "{F3FE4BA6-3BD0-4ABF-8FAE-C19E005DB558}"
EndProject
Project("{9A19103F-16F7-4668-BE54-9A1E7A4F7556}") = "Shop_Models", "Shop_Models\Shop_Models.csproj", "{4AC2FD2D-143C-4C77-A02D-589F163DE56F}"
EndProject
Project("{9A19103F-16F7-4668-BE54-9A1E7A4F7556}") = "Shop_Business", "Shop_Business\Shop_Business.csproj", "{BE1DE516-0C89-4889-9A0A-645E426373BB}"
EndProject
Project("{9A19103F-16F7-4668-BE54-9A1E7A4F7556}") = "Shop_Common", "Shop_Common\Shop_Common.csproj", "{46868F36-37F9-444A-843F-DF8C3093A387}"
EndProject
Project("{9A19103F-16F7-4668-BE54-9A1E7A4F7556}") = "Shop_DataAccess", "Shop_DataAccess\Shop_DataAccess.csproj", "{D7F0BB10-FE57-467E-AF8A-B0900C5A96EB}"
EndProject
Project("{9A19103F-16F7-4668-BE54-9A1E7A4F7556}") = "ShopWeb_API", "ShopWeb_API\ShopWeb_API.csproj", "{A08A292F-3AB1-405D-99FD-C4C96C36C893}"
EndProject
Global
	GlobalSection(SolutionConfigurationPlatforms) = preSolution
		Debug|Any CPU = Debug|Any CPU
		Release|Any CPU = Release|Any CPU
	EndGlobalSection
	GlobalSection(ProjectConfigurationPlatforms) = postSolution
		{FFAC75C0-7FB0-43DB-A1CF-C5204EED32DD}.Debug|Any CPU.ActiveCfg = Debug|Any CPU
		{FFAC75C0-7FB0-43DB-A1CF-C5204EED32DD}.Debug|Any CPU.Build.0 = Debug|Any CPU
		{FFAC75C0-7FB0-43DB-A1CF-C5204EED32DD}.Release|Any CPU.ActiveCfg = Release|Any CPU
		{FFAC75C0-7FB0-43DB-A1CF-C5204EED32DD}.Release|Any CPU.Build.0 = Release|Any CPU
		{F3FE4BA6-3BD0-4ABF-8FAE-C19E005DB558}.Debug|Any CPU.ActiveCfg = Debug|Any CPU
		{F3FE4BA6-3BD0-4ABF-8FAE-C19E005DB558}.Debug|Any CPU.Build.0 = Debug|Any CPU
		{F3FE4BA6-3BD0-4ABF-8FAE-C19E005DB558}.Release|Any CPU.ActiveCfg = Release|Any CPU
		{F3FE4BA6-3BD0-4ABF-8FAE-C19E005DB558}.Release|Any CPU.Build.0 = Release|Any CPU
		{4AC2FD2D-143C-4C77-A02D-589F163DE56F}.Debug|Any CPU.ActiveCfg = Debug|Any CPU
		{4AC2FD2D-143C-4C77-A02D-589F163DE56F}.Debug|Any CPU.Build.0 = Debug|Any CPU
		{4AC2FD2D-143C-4C77-A02D-589F163DE56F}.Release|Any CPU.ActiveCfg = Release|Any CPU
		{4AC2FD2D-143C-4C77-A02D-589F163DE56F}.Release|Any CPU.Build.0 = Release|Any CPU
		{BE1DE516-0C89-4889-9A0A-645E426373BB}.Debug|Any CPU.ActiveCfg = Debug|Any CPU
		{BE1DE516-0C89-4889-9A0A-645E426373BB}.Debug|Any CPU.Build.0 = Debug|Any CPU
		{BE1DE516-0C89-4889-9A0A-645E426373BB}.Release|Any CPU.ActiveCfg = Release|Any CPU
		{BE1DE516-0C89-4889-9A0A-645E426373BB}.Release|Any CPU.Build.0 = Release|Any CPU
		{46868F36-37F9-444A-843F-DF8C3093A387}.Debug|Any CPU.ActiveCfg = Debug|Any CPU
		{46868F36-37F9-444A-843F-DF8C3093A387}.Debug|Any CPU.Build.0 = Debug|Any CPU
		{46868F36-37F9-444A-843F-DF8C3093A387}.Release|Any CPU.ActiveCfg = Release|Any CPU
		{46868F36-37F9-444A-843F-DF8C3093A387}.Release|Any CPU.Build.0 = Release|Any CPU
		{D7F0BB10-FE57-467E-AF8A-B0900C5A96EB}.Debug|Any CPU.ActiveCfg = Debug|Any CPU
		{D7F0BB10-FE57-467E-AF8A-B0900C5A96EB}.Debug|Any CPU.Build.0 = Debug|Any CPU
		{D7F0BB10-FE57-467E-AF8A-B0900C5A96EB}.Release|Any CPU.ActiveCfg = Release|Any CPU
		{D7F0BB10-FE57-467E-AF8A-B0900C5A96EB}.Release|Any CPU.Build.0 = Release|Any CPU
		{A08A292F-3AB1-405D-99FD-C4C96C36C893}.Debug|Any CPU.ActiveCfg = Debug|Any CPU
		{A08A292F-3AB1-405D-99FD-C4C96C36C893}.Debug|Any CPU.Build.0 = Debug|Any CPU
		{A08A292F-3AB1-405D-99FD-C4C96C36C893}.Release|Any CPU.ActiveCfg = Release|Any CPU
		{A08A292F-3AB1-405D-99FD-C4C96C36C893}.Release|Any CPU.Build.0 = Release|Any CPU
	EndGlobalSection
	GlobalSection(SolutionProperties) = preSolution
		HideSolutionNode = FALSE
	EndGlobalSection
	GlobalSection(ExtensibilityGlobals) = postSolution
		SolutionGuid = {F5E67AB1-8964-419B-9FE7-153E379DBD52}
	EndGlobalSection
EndGlobal
